# This file was autogenerated by Stack.
# You should not edit this file by hand.
# For more information, please see the documentation at:
#   https://docs.haskellstack.org/en/stable/lock_files

packages: []
snapshots:
- completed:
    size: 530596
    url: https://raw.githubusercontent.com/commercialhaskell/stackage-snapshots/master/nightly/2020/6/2.yaml
    sha256: 7e233b7687f577d97719658c3d6ad2b0e24535735ab7c3b63c6fa3b573737b01
  original: nightly-2020-06-02
